{
  "name": "jssipwrap",
  "version": "1.0.0",
  "lockfileVersion": 1,
  "requires": true,
  "dependencies": {
    "debug": {
      "version": "3.1.0",
      "resolved": "https://registry.npmjs.org/debug/-/debug-3.1.0.tgz",
      "integrity": "sha512-OX8XqP7/1a9cqkxYw2yXss15f26NKWBpDXQd0/uK/KPqdQhxbPa994hnzjcE2VqQpDslf55723cKPUOGSmMY3g==",
      "requires": {
        "ms": "2.0.0"
      }
    },
    "events": {
      "version": "2.1.0",
      "resolved": "https://registry.npmjs.org/events/-/events-2.1.0.tgz",
      "integrity": "sha512-3Zmiobend8P9DjmKAty0Era4jV8oJ0yGYe2nJJAxgymF9+N8F2m0hhZiMoWtcfepExzNKZumFU3ksdQbInGWCg=="
    },
    "jssip": {
      "version": "3.2.11",
      "resolved": "https://registry.npmjs.org/jssip/-/jssip-3.2.11.tgz",
      "integrity": "sha512-oZsfi4mXhcE60Qy2grcHv85iX1GZ8tHfw4cTCVKBFeMgEtkBcVINp+WwVjX7iiSDAo71NjOnE3C6pezrOmLbhQ==",
      "requires": {
        "debug": "3.1.0",
        "events": "2.1.0",
        "sdp-transform": "2.4.1",
        "webrtc-adapter": "6.3.0"
      }
    },
    "ms": {
      "version": "2.0.0",
      "resolved": "https://registry.npmjs.org/ms/-/ms-2.0.0.tgz",
      "integrity": "sha1-VgiurfwAvmwpAd9fmGF4jeDVl8g="
    },
    "rtcpeerconnection-shim": {
      "version": "1.2.13",
      "resolved": "https://registry.npmjs.org/rtcpeerconnection-shim/-/rtcpeerconnection-shim-1.2.13.tgz",
      "integrity": "sha512-Xz4zQLZNs9lFBvqbaHGIjLWtyZ1V82ec5r+WNEo7NlIx3zF5M3ytn9mkkfYeZmpE032cNg3Vvf0rP8kNXUNd9w==",
      "requires": {
        "sdp": "2.7.4"
      }
    },
    "sdp": {
      "version": "2.7.4",
      "resolved": "https://registry.npmjs.org/sdp/-/sdp-2.7.4.tgz",
      "integrity": "sha512-0+wTfgvUUEGcvvFoHIC0aiGbx6gzwAUm8FkKt5Oqqkjf9mEEDLgwnoDKX7MYTGXrNNwzikVbutJ+OVNAGmJBQw=="
    },
    "sdp-transform": {
      "version": "2.4.1",
      "resolved": "https://registry.npmjs.org/sdp-transform/-/sdp-transform-2.4.1.tgz",
      "integrity": "sha512-dCReSJ6NtCW6goKkKBEHcIknBS1pKejnMw+S3p3jl0PALPFrbjbreCyQ+CABtFxl2GXD2/05+C2q2gZP23dUWQ=="
    },
    "webrtc-adapter": {
      "version": "6.3.0",
      "resolved": "https://registry.npmjs.org/webrtc-adapter/-/webrtc-adapter-6.3.0.tgz",
      "integrity": "sha512-WRLIEzXLCTSifhR1tqiK+HXuySLQ+8vESHBeJ0Uq5N9Eewa2hL+54fKnMqtB5sCSG7/crfntdovpp4R4ttvd8w==",
      "requires": {
        "rtcpeerconnection-shim": "1.2.13",
        "sdp": "2.7.4"
      }
    }
  }
}
